
Microsoft Visual Studio Solution File, Format Version 12.00
# Visual Studio Version 17
VisualStudioVersion = 17.7.34221.43
MinimumVisualStudioVersion = 10.0.40219.1
Project("{9A19103F-16F7-4668-BE54-9A1E7A4F7556}") = "WebApp", "src\WebApp\WebApp.csproj", "{859D6E31-24C9-4992-8735-B5AAFC8FA7FE}"
EndProject
Project("{FAE04EC0-301F-11D3-BF4B-00C04F79EFBC}") = "WebService1", "src\WebService1\WebService1.csproj", "{68AEE659-F816-4C78-B3C5-D8F07191188E}"
EndProject
Project("{FAE04EC0-301F-11D3-BF4B-00C04F79EFBC}") = "WebService2", "src\WebService2\WebService2.csproj", "{04FDD9B1-2CB2-4F51-A480-947545504E9E}"
EndProject
Global
	GlobalSection(SolutionConfigurationPlatforms) = preSolution
		Debug|Any CPU = Debug|Any CPU
		Release|Any CPU = Release|Any CPU
	EndGlobalSection
	GlobalSection(ProjectConfigurationPlatforms) = postSolution
		{859D6E31-24C9-4992-8735-B5AAFC8FA7FE}.Debug|Any CPU.ActiveCfg = Debug|Any CPU
		{859D6E31-24C9-4992-8735-B5AAFC8FA7FE}.Debug|Any CPU.Build.0 = Debug|Any CPU
		{859D6E31-24C9-4992-8735-B5AAFC8FA7FE}.Release|Any CPU.ActiveCfg = Release|Any CPU
		{859D6E31-24C9-4992-8735-B5AAFC8FA7FE}.Release|Any CPU.Build.0 = Release|Any CPU
		{68AEE659-F816-4C78-B3C5-D8F07191188E}.Debug|Any CPU.ActiveCfg = Debug|Any CPU
		{68AEE659-F816-4C78-B3C5-D8F07191188E}.Debug|Any CPU.Build.0 = Debug|Any CPU
		{68AEE659-F816-4C78-B3C5-D8F07191188E}.Release|Any CPU.ActiveCfg = Release|Any CPU
		{68AEE659-F816-4C78-B3C5-D8F07191188E}.Release|Any CPU.Build.0 = Release|Any CPU
		{04FDD9B1-2CB2-4F51-A480-947545504E9E}.Debug|Any CPU.ActiveCfg = Debug|Any CPU
		{04FDD9B1-2CB2-4F51-A480-947545504E9E}.Debug|Any CPU.Build.0 = Debug|Any CPU
		{04FDD9B1-2CB2-4F51-A480-947545504E9E}.Release|Any CPU.ActiveCfg = Release|Any CPU
		{04FDD9B1-2CB2-4F51-A480-947545504E9E}.Release|Any CPU.Build.0 = Release|Any CPU
	EndGlobalSection
	GlobalSection(SolutionProperties) = preSolution
		HideSolutionNode = FALSE
	EndGlobalSection
	GlobalSection(ExtensibilityGlobals) = postSolution
		SolutionGuid = {B952E646-0FE0-4927-8CFB-06682CE775A5}
	EndGlobalSection
EndGlobal
